
Microsoft Visual Studio Solution File, Format Version 11.00
# Visual Studio 2010
Project("{FAE04EC0-301F-11D3-BF4B-00C04F79EFBC}") = "AVL Tool", "AVL Tool\AVL Tool.csproj", "{792216E3-83A9-454B-878C-8D1C36DE57C1}"
EndProject
Global
	GlobalSection(SolutionConfigurationPlatforms) = preSolution
		Debug|x86 = Debug|x86
		Release|x86 = Release|x86
	EndGlobalSection
	GlobalSection(ProjectConfigurationPlatforms) = postSolution
		{792216E3-83A9-454B-878C-8D1C36DE57C1}.Debug|x86.ActiveCfg = Debug|x86
		{792216E3-83A9-454B-878C-8D1C36DE57C1}.Debug|x86.Build.0 = Debug|x86
		{792216E3-83A9-454B-878C-8D1C36DE57C1}.Release|x86.ActiveCfg = Release|x86
		{792216E3-83A9-454B-878C-8D1C36DE57C1}.Release|x86.Build.0 = Release|x86
	EndGlobalSection
	GlobalSection(SolutionProperties) = preSolution
		HideSolutionNode = FALSE
	EndGlobalSection
EndGlobal
